
Microsoft Visual Studio Solution File, Format Version 12.00
# Visual Studio Version 17
VisualStudioVersion = 17.12.35527.113
MinimumVisualStudioVersion = 10.0.40219.1
Project("{FAE04EC0-301F-11D3-BF4B-00C04F79EFBC}") = "KK_SkinEffects", "KK_SkinEffects\KK_SkinEffects.csproj", "{629ACA07-5A28-4436-9022-4E07D8051412}"
EndProject
Project("{D954291E-2A0B-460D-934E-DC6B0785DB48}") = "Core_SkinEffects", "Core_SkinEffects\Core_SkinEffects.shproj", "{3CAD9B8E-DC2C-4908-B6FD-0079D7DC38CC}"
EndProject
Project("{FAE04EC0-301F-11D3-BF4B-00C04F79EFBC}") = "KKS_SkinEffects", "KKS_SkinEffects\KKS_SkinEffects.csproj", "{86DE6863-2926-48C9-94E3-BF8829ED6D5E}"
EndProject
Project("{2150E333-8FDC-42A3-9474-1A3956D46DE8}") = "Solution", "Solution", "{2125B957-74A0-4F61-A6E2-0CE2F2FC41DB}"
	ProjectSection(SolutionItems) = preProject
		Directory.Build.props = Directory.Build.props
		README.md = README.md
	EndProjectSection
EndProject
Global
	GlobalSection(SolutionConfigurationPlatforms) = preSolution
		Debug|x64 = Debug|x64
		Release|x64 = Release|x64
	EndGlobalSection
	GlobalSection(ProjectConfigurationPlatforms) = postSolution
		{629ACA07-5A28-4436-9022-4E07D8051412}.Debug|x64.ActiveCfg = Debug|x64
		{629ACA07-5A28-4436-9022-4E07D8051412}.Debug|x64.Build.0 = Debug|x64
		{629ACA07-5A28-4436-9022-4E07D8051412}.Release|x64.ActiveCfg = Release|x64
		{629ACA07-5A28-4436-9022-4E07D8051412}.Release|x64.Build.0 = Release|x64
		{86DE6863-2926-48C9-94E3-BF8829ED6D5E}.Debug|x64.ActiveCfg = Debug|x64
		{86DE6863-2926-48C9-94E3-BF8829ED6D5E}.Debug|x64.Build.0 = Debug|x64
		{86DE6863-2926-48C9-94E3-BF8829ED6D5E}.Release|x64.ActiveCfg = Release|x64
		{86DE6863-2926-48C9-94E3-BF8829ED6D5E}.Release|x64.Build.0 = Release|x64
	EndGlobalSection
	GlobalSection(SolutionProperties) = preSolution
		HideSolutionNode = FALSE
	EndGlobalSection
	GlobalSection(SharedMSBuildProjectFiles) = preSolution
		Core_SkinEffects\Core_SkinEffects.projitems*{3cad9b8e-dc2c-4908-b6fd-0079d7dc38cc}*SharedItemsImports = 13
		Core_SkinEffects\Core_SkinEffects.projitems*{629aca07-5a28-4436-9022-4e07d8051412}*SharedItemsImports = 5
		Core_SkinEffects\Core_SkinEffects.projitems*{86de6863-2926-48c9-94e3-bf8829ed6d5e}*SharedItemsImports = 5
	EndGlobalSection
EndGlobal
